{
  "name": "_default",
  "lockfileVersion": 3,
  "requires": true,
  "packages": {
    "": {
      "devDependencies": {
        "eslint-plugin-security": "^4.0.0",
        "semgrep": "^0.0.1"
      }
    },
    "node_modules/eslint-plugin-security": {
      "version": "4.0.0",
      "resolved": "https://registry.npmjs.org/eslint-plugin-security/-/eslint-plugin-security-4.0.0.tgz",
      "integrity": "sha512-tfuQT8K/Li1ZxhFzyD8wPIKtlzZxqBcPr9q0jFMQ77wWAbKBVEhaMPVQRTMTvCMUDhwBe5vPVqQPwAGk/ASfxQ==",
      "dev": true,
      "license": "Apache-2.0",
      "dependencies": {
        "safe-regex": "^2.1.1"
      },
      "engines": {
        "node": "^18.18.0 || ^20.9.0 || >=21.1.0"
      },
      "funding": {
        "url": "https://opencollective.com/eslint"
      }
    },
    "node_modules/regexp-tree": {
      "version": "0.1.27",
      "resolved": "https://registry.npmjs.org/regexp-tree/-/regexp-tree-0.1.27.tgz",
      "integrity": "sha512-iETxpjK6YoRWJG5o6hXLwvjYAoW+FEZn9os0PD/b6AP6xQwsa/Y7lCVgIixBbUPMfhu+i2LtdeAqVTgGlQarfA==",
      "dev": true,
      "license": "MIT",
      "bin": {
        "regexp-tree": "bin/regexp-tree"
      }
    },
    "node_modules/safe-regex": {
      "version": "2.1.1",
      "resolved": "https://registry.npmjs.org/safe-regex/-/safe-regex-2.1.1.tgz",
      "integrity": "sha512-rx+x8AMzKb5Q5lQ95Zoi6ZbJqwCLkqi3XuJXp5P3rT8OEc6sZCJG5AE5dU3lsgRr/F4Bs31jSlVN+j5KrsGu9A==",
      "dev": true,
      "license": "MIT",
      "dependencies": {
        "regexp-tree": "~0.1.1"
      }
    },
    "node_modules/semgrep": {
      "version": "0.0.1",
      "resolved": "https://registry.npmjs.org/semgrep/-/semgrep-0.0.1.tgz",
      "integrity": "sha512-3FwxAjy4qZrOigd7rRnqCZFbG80y9K9YHEQSnxMibNNP2CkDzyS2uZQyK+MWDMnopoYH6oQ0X2pJ2nABhxy50g==",
      "dev": true,
      "license": "ISC"
    }
  }
}
