lockfileVersion: '9.0'

settings:
  autoInstallPeers: true
  excludeLinksFromLockfile: false

importers:

  .:
    devDependencies:
      eslint-plugin-security:
        specifier: ^4.0.0
        version: 4.0.0
      semgrep:
        specifier: ^0.0.1
        version: 0.0.1

packages:

  eslint-plugin-security@4.0.0:
    resolution: {integrity: sha512-tfuQT8K/Li1ZxhFzyD8wPIKtlzZxqBcPr9q0jFMQ77wWAbKBVEhaMPVQRTMTvCMUDhwBe5vPVqQPwAGk/ASfxQ==}
    engines: {node: ^18.18.0 || ^20.9.0 || >=21.1.0}

  regexp-tree@0.1.27:
    resolution: {integrity: sha512-iETxpjK6YoRWJG5o6hXLwvjYAoW+FEZn9os0PD/b6AP6xQwsa/Y7lCVgIixBbUPMfhu+i2LtdeAqVTgGlQarfA==}
    hasBin: true

  safe-regex@2.1.1:
    resolution: {integrity: sha512-rx+x8AMzKb5Q5lQ95Zoi6ZbJqwCLkqi3XuJXp5P3rT8OEc6sZCJG5AE5dU3lsgRr/F4Bs31jSlVN+j5KrsGu9A==}

  semgrep@0.0.1:
    resolution: {integrity: sha512-3FwxAjy4qZrOigd7rRnqCZFbG80y9K9YHEQSnxMibNNP2CkDzyS2uZQyK+MWDMnopoYH6oQ0X2pJ2nABhxy50g==}

snapshots:

  eslint-plugin-security@4.0.0:
    dependencies:
      safe-regex: 2.1.1

  regexp-tree@0.1.27: {}

  safe-regex@2.1.1:
    dependencies:
      regexp-tree: 0.1.27

  semgrep@0.0.1: {}
